        "@types/crypto-js": "^4.2.2",
        "@types/dompurify": "^3.2.0",
        "@types/qrcode": "^1.5.6",
        "class-variance-authority": "^0.7.1",
        "clsx": "^2.1.1",
        "cmdk": "^1.1.1",
        "react-markdown": "^10.1.0",
        "react-resizable-panels": "^2.1.9",
        "react-router-dom": "^6.30.1",
        "recharts": "^2.15.4",
        "sonner": "^1.7.4",
        "tailwind-merge": "^2.6.0",
        "tailwindcss-animate": "^1.0.7",
        "@types/react": "^18.0.0"
      }
    },
    "node_modules/@types/trusted-types": {
      "version": "2.0.7",
      "resolved": "https://registry.npmjs.org/@types/trusted-types/-/trusted-types-2.0.7.tgz",
        "url": "https://polar.sh/cva"
      }
    },
    "node_modules/cliui": {
      "version": "6.0.0",
      "resolved": "https://registry.npmjs.org/cliui/-/cliui-6.0.0.tgz",
        "jiti": "bin/jiti.js"
      }
    },
    "node_modules/js-tokens": {
      "version": "4.0.0",
      "resolved": "https://registry.npmjs.org/js-tokens/-/js-tokens-4.0.0.tgz",
      "dev": true,
      "license": "MIT"
    },
    "node_modules/keyv": {
      "version": "4.5.4",
      "resolved": "https://registry.npmjs.org/keyv/-/keyv-4.5.4.tgz",
      "integrity": "sha512-dMInicTPVE8d1e5otfwmmjlxkZoUpiVLwyeTdUsi/Caj/gfzzblBcCE5sRHV/AsjuCmxWrte2TNGSYuCeCq+0Q==",
      "license": "MIT"
    },
    "node_modules/lodash.merge": {
      "version": "4.6.2",
      "resolved": "https://registry.npmjs.org/lodash.merge/-/lodash.merge-4.6.2.tgz",
        "react-dom": ">=16.8"
      }
    },
    "node_modules/react-smooth": {
      "version": "4.0.4",
      "resolved": "https://registry.npmjs.org/react-smooth/-/react-smooth-4.0.4.tgz",
      "integrity": "sha512-NKN5kMDylKuldxYLSUfrbo5Tuzh4hd+2E8NPPX02mZtn1VuREQToYe/ZdlJy+J3uCpfaiGF05e7B8W0iXbQHmg==",
      "license": "ISC"
    },
    "node_modules/resolve": {
      "version": "1.22.12",
      "resolved": "https://registry.npmjs.org/resolve/-/resolve-1.22.12.tgz",
      "dev": true,
      "license": "ISC"
    },
    "node_modules/sonner": {
      "version": "1.7.4",
      "resolved": "https://registry.npmjs.org/sonner/-/sonner-1.7.4.tgz",
      "dev": true,
      "license": "MIT"
    },
    "node_modules/string-width": {
      "version": "4.2.3",
      "resolved": "https://registry.npmjs.org/string-width/-/string-width-4.2.3.tgz",
        }
      }
    },
    "node_modules/vitest/node_modules/@vitest/mocker": {
      "version": "4.1.10",
      "resolved": "https://registry.npmjs.org/@vitest/mocker/-/mocker-4.1.10.tgz",
        }
      }
    },
    "node_modules/vitest/node_modules/picomatch": {
      "version": "4.0.5",
      "resolved": "https://registry.npmjs.org/picomatch/-/picomatch-4.0.5.tgz",