        }
      }
    },
    "node_modules/vitest/node_modules/@vitest/mocker": {
      "version": "4.1.10",
      "resolved": "https://registry.npmjs.org/@vitest/mocker/-/mocker-4.1.10.tgz",
        }
      }
    },
    "node_modules/vitest/node_modules/picomatch": {
      "version": "4.0.5",
      "resolved": "https://registry.npmjs.org/picomatch/-/picomatch-4.0.5.tgz",